
Microsoft Visual Studio Solution File, Format Version 12.00
# Visual Studio Version 17
VisualStudioVersion = 17.5.33530.505
MinimumVisualStudioVersion = 10.0.40219.1
Project("{FAE04EC0-301F-11D3-BF4B-00C04F79EFBC}") = "APDocumentBuilder", "APDocumentBuilder\APDocumentBuilder.csproj", "{701ACFB3-8BCD-4B7E-A43D-AB66E07D329F}"
EndProject
Global
	GlobalSection(SolutionConfigurationPlatforms) = preSolution
		Debug|Any CPU = Debug|Any CPU
		Release|Any CPU = Release|Any CPU
	EndGlobalSection
	GlobalSection(ProjectConfigurationPlatforms) = postSolution
		{701ACFB3-8BCD-4B7E-A43D-AB66E07D329F}.Debug|Any CPU.ActiveCfg = Debug|Any CPU
		{701ACFB3-8BCD-4B7E-A43D-AB66E07D329F}.Debug|Any CPU.Build.0 = Debug|Any CPU
		{701ACFB3-8BCD-4B7E-A43D-AB66E07D329F}.Release|Any CPU.ActiveCfg = Release|Any CPU
		{701ACFB3-8BCD-4B7E-A43D-AB66E07D329F}.Release|Any CPU.Build.0 = Release|Any CPU
	EndGlobalSection
	GlobalSection(SolutionProperties) = preSolution
		HideSolutionNode = FALSE
	EndGlobalSection
	GlobalSection(ExtensibilityGlobals) = postSolution
		SolutionGuid = {FB4F0369-FCC6-4099-83F8-7F5B0FD8DFDA}
	EndGlobalSection
EndGlobal
